
Microsoft Visual Studio Solution File, Format Version 9.00
# Visual Studio 2005
Project("{8BC9CEB8-8B4A-11D0-8D11-00A0C91BC942}") = "wcp_helloworld", "wcp_helloworld.vcproj", "{1491E317-3A7C-4D0C-8F71-3BC8990EFC54}"
EndProject
Global
	GlobalSection(SolutionConfigurationPlatforms) = preSolution
		Debug|Win32 = Debug|Win32
		Release|Win32 = Release|Win32
	EndGlobalSection
	GlobalSection(ProjectConfigurationPlatforms) = postSolution
		{1491E317-3A7C-4D0C-8F71-3BC8990EFC54}.Debug|Win32.ActiveCfg = Debug|Win32
		{1491E317-3A7C-4D0C-8F71-3BC8990EFC54}.Debug|Win32.Build.0 = Debug|Win32
		{1491E317-3A7C-4D0C-8F71-3BC8990EFC54}.Release|Win32.ActiveCfg = Release|Win32
		{1491E317-3A7C-4D0C-8F71-3BC8990EFC54}.Release|Win32.Build.0 = Release|Win32
	EndGlobalSection
	GlobalSection(SolutionProperties) = preSolution
		HideSolutionNode = FALSE
	EndGlobalSection
EndGlobal
